{
  "name": "laurentrega_7_10112021.io",
  "version": "1.0.0",
  "lockfileVersion": 1,
  "requires": true,
  "dependencies": {
    "bootstrap-icons": {
      "version": "1.7.0",
      "resolved": "https://registry.npmjs.org/bootstrap-icons/-/bootstrap-icons-1.7.0.tgz",
      "integrity": "sha512-x2ORQ3lv1QdSnIzzQdU8mf83fbCq4FIaUinrAWw+a/d186vO3Ph7qUfqzvQDBA41AD6IoxdRHD6zUt9IXC1J6A=="
    }
  }
}
